#MicroXplorer Configuration settings - do not modify
Mcu.Family=STM32F4
ProjectManager.MainLocation=Core/Src
PC7.GPIOParameters=GPIO_Label
SPI2.VirtualNSS=VM_NSSHARD
RCC.CortexFreq_Value=160000000
ProjectManager.KeepUserCode=true
Mcu.UserName=STM32F405RGTx
SPI2.VirtualType=VM_MASTER
RCC.PLLCLKFreq_Value=160000000
RCC.PLLQCLKFreq_Value=80000000
PC7.Locked=true
ProjectManager.functionlistsort=1-MX_GPIO_Init-GPIO-false-HAL-true,2-SystemClock_Config-RCC-false-HAL-false,3-MX_CAN1_Init-CAN1-false-HAL-true,4-MX_SPI2_Init-SPI2-false-HAL-true,5-MX_USART1_UART_Init-USART1-false-HAL-true,6-MX_TIM2_Init-TIM2-false-HAL-true
PC6.GPIO_Label=Reset
RCC.RTCFreq_Value=32000
PC9.Locked=true
PB0.GPIO_Label=LED_CTRL
USART1.IPParameters=VirtualMode
PB13.Signal=SPI2_SCK
PB15.Signal=SPI2_MOSI
PinOutPanel.RotationAngle=0
RCC.SYSCLKSource=RCC_SYSCLKSOURCE_PLLCLK
ProjectManager.StackSize=0x400
PB5.GPIOParameters=GPIO_Label
Mcu.IP4=SYS
RCC.FCLKCortexFreq_Value=160000000
Mcu.IP5=TIM2
NVIC.SVCall_IRQn=true\:0\:0\:false\:false\:true\:false\:false
Mcu.IP2=RCC
Mcu.IP3=SPI2
Mcu.IP0=CAN1
Mcu.IP1=NVIC
SPI2.CLKPolarity=SPI_POLARITY_HIGH
Mcu.UserConstants=
Mcu.ThirdPartyNb=0
RCC.HCLKFreq_Value=160000000
Mcu.IPNb=7
RCC.I2SClocksFreq_Value=192000000
TIM2.IPParameters=Prescaler
ProjectManager.PreviousToolchain=STM32CubeIDE
RCC.APB2TimFreq_Value=160000000
RCC.VcooutputI2S=192000000
PC7.Signal=GPIO_Output
PA8.GPIOParameters=GPIO_Label
Mcu.Pin6=PB14
VP_TIM2_VS_ClockSourceINT.Signal=TIM2_VS_ClockSourceINT
Mcu.Pin7=PB15
Mcu.Pin8=PC6
Mcu.Pin9=PC7
RCC.AHBFreq_Value=160000000
SPI2.BaudRatePrescaler=SPI_BAUDRATEPRESCALER_64
PB13.Locked=true
Mcu.Pin0=PC14-OSC32_IN
Mcu.Pin1=PC15-OSC32_OUT
GPIO.groupedBy=Group By Peripherals
Mcu.Pin2=PA0-WKUP
Mcu.Pin3=PB0
Mcu.Pin4=PB12
PA0-WKUP.GPIOParameters=GPIO_Label
Mcu.Pin5=PB13
ProjectManager.ProjectBuild=false
RCC.HSE_VALUE=25000000
NVIC.UsageFault_IRQn=true\:0\:0\:false\:false\:true\:false\:false
NVIC.DebugMonitor_IRQn=true\:0\:0\:false\:false\:true\:false\:false
PA8.Locked=true
NVIC.SysTick_IRQn=true\:0\:0\:false\:false\:true\:false\:true
ProjectManager.FirmwarePackage=STM32Cube FW_F4 V1.26.1
MxDb.Version=DB.6.0.20
PB0.GPIOParameters=GPIO_Label
ProjectManager.BackupPrevious=false
PC14-OSC32_IN.Mode=LSE-External-Oscillator
RCC.VCOInputFreq_Value=2000000
PB14.Mode=Full_Duplex_Master
File.Version=6
SPI2.CalculateBaudRate=625.0 KBits/s
PB7.Signal=GPIO_Output
PB8.Locked=true
PA8.Signal=GPIO_Output
NVIC.PendSV_IRQn=true\:0\:0\:false\:false\:true\:false\:false
ProjectManager.HalAssertFull=false
PB0.Locked=true
ProjectManager.ProjectName=STM32F405RGTx
PB7.GPIO_Label=GREEN
RCC.MCO2PinFreq_Value=160000000
PC8.GPIOParameters=GPIO_Label
Mcu.Package=LQFP64
PB9.Signal=CAN1_TX
TIM2.Prescaler=79
PB12.Mode=NSS_Signal_Hard_Output
SPI2.Mode=SPI_MODE_MASTER
ProjectManager.ToolChainLocation=
RCC.LSI_VALUE=32000
VP_SYS_VS_Systick.Signal=SYS_VS_Systick
PA10.Signal=USART1_RX
SPI2.CLKPhase=SPI_PHASE_2EDGE
RCC.APB2CLKDivider=RCC_HCLK_DIV2
PB5.GPIO_Label=BLUE
RCC.APB1TimFreq_Value=80000000
NVIC.BusFault_IRQn=true\:0\:0\:false\:false\:true\:false\:false
SPI2.Direction=SPI_DIRECTION_2LINES
PB13.Mode=Full_Duplex_Master
CAN1.CalculateTimeBit=1200.00
ProjectManager.CustomerFirmwarePackage=
PC14-OSC32_IN.Locked=true
PB15.Locked=true
CAN1.CalculateTimeQuantum=400.0
PC15-OSC32_OUT.Mode=LSE-External-Oscillator
ProjectManager.ProjectFileName=STM32F405RGTx.ioc
PA10.Mode=Asynchronous
Mcu.PinsNb=21
PC9.GPIO_Label=Start
ProjectManager.NoMain=false
CAN1.IPParameters=CalculateTimeQuantum,CalculateTimeBit,CalculateBaudRate
CAN1.CalculateBaudRate=833333
PC8.Signal=GPIO_Output
PC6.Signal=GPIO_Output
ProjectManager.DefaultFWLocation=true
PB12.Locked=true
ProjectManager.DeletePrevious=true
PB14.Locked=true
RCC.APB1CLKDivider=RCC_HCLK_DIV4
PC14-OSC32_IN.Signal=RCC_OSC32_IN
RCC.FamilyName=M
PA0-WKUP.GPIO_Label=RED
PA0-WKUP.Signal=GPIO_Output
PA0-WKUP.Locked=true
PC8.GPIO_Label=Stop
PA9.Mode=Asynchronous
PA8.GPIO_Label=Contactor
PC15-OSC32_OUT.Locked=true
ProjectManager.TargetToolchain=STM32CubeIDE
PB7.GPIOParameters=GPIO_Label
PB9.Mode=CAN_Activate
PC6.Locked=true
PA9.Signal=USART1_TX
PB5.Locked=true
PB9.Locked=true
SPI2.IPParameters=VirtualType,Mode,Direction,CalculateBaudRate,VirtualNSS,BaudRatePrescaler,CLKPolarity,CLKPhase
ProjectManager.RegisterCallBack=
PC15-OSC32_OUT.Signal=RCC_OSC32_OUT
RCC.VCOI2SOutputFreq_Value=384000000
PB14.Signal=SPI2_MISO
board=custom
RCC.VCOOutputFreq_Value=320000000
ProjectManager.LastFirmware=true
PB15.Mode=Full_Duplex_Master
RCC.APB2Freq_Value=80000000
MxCube.Version=6.2.0
VP_TIM2_VS_ClockSourceINT.Mode=Internal
VP_SYS_VS_Systick.Mode=SysTick
RCC.EthernetFreq_Value=160000000
NVIC.NonMaskableInt_IRQn=true\:0\:0\:false\:false\:true\:false\:false
ProjectManager.FreePins=false
RCC.IPParameters=48MHZClocksFreq_Value,AHBFreq_Value,APB1CLKDivider,APB1Freq_Value,APB1TimFreq_Value,APB2CLKDivider,APB2Freq_Value,APB2TimFreq_Value,CortexFreq_Value,EthernetFreq_Value,FCLKCortexFreq_Value,FamilyName,HCLKFreq_Value,HSE_VALUE,HSI_VALUE,I2SClocksFreq_Value,LSI_VALUE,MCO2PinFreq_Value,PLLCLKFreq_Value,PLLM,PLLN,PLLQCLKFreq_Value,RTCFreq_Value,RTCHSEDivFreq_Value,SYSCLKFreq_VALUE,SYSCLKSource,VCOI2SOutputFreq_Value,VCOInputFreq_Value,VCOOutputFreq_Value,VcooutputI2S
PC9.GPIOParameters=GPIO_Label
ProjectManager.AskForMigrate=true
Mcu.Name=STM32F405RGTx
RCC.RTCHSEDivFreq_Value=12500000
ProjectManager.UnderRoot=true
PC7.GPIO_Label=Charge
Mcu.IP6=USART1
ProjectManager.CoupleFile=false
RCC.48MHZClocksFreq_Value=80000000
RCC.SYSCLKFreq_VALUE=160000000
PB5.Signal=GPIO_Output
Mcu.Pin20=VP_TIM2_VS_ClockSourceINT
NVIC.ForceEnableDMAVector=true
KeepUserPlacement=false
NVIC.MemoryManagement_IRQn=true\:0\:0\:false\:false\:true\:false\:false
USART1.VirtualMode=VM_ASYNC
ProjectManager.CompilerOptimize=6
ProjectManager.HeapSize=0x200
Mcu.Pin15=PB5
NVIC.HardFault_IRQn=true\:0\:0\:false\:false\:true\:false\:false
Mcu.Pin16=PB7
Mcu.Pin13=PA9
PC6.GPIOParameters=GPIO_Label
Mcu.Pin14=PA10
Mcu.Pin19=VP_SYS_VS_Systick
ProjectManager.ComputerToolchain=false
Mcu.Pin17=PB8
RCC.HSI_VALUE=16000000
Mcu.Pin18=PB9
NVIC.PriorityGroup=NVIC_PRIORITYGROUP_4
Mcu.Pin11=PC9
Mcu.Pin12=PA8
RCC.PLLM=8
PB8.Mode=CAN_Activate
RCC.PLLN=160
Mcu.Pin10=PC8
PB7.Locked=true
PB8.Signal=CAN1_RX
PC8.Locked=true
PC9.Signal=GPIO_Output
RCC.APB1Freq_Value=40000000
PB0.Signal=GPIO_Output
ProjectManager.DeviceId=STM32F405RGTx
PB12.Signal=SPI2_NSS
ProjectManager.LibraryCopy=1
